
Microsoft Visual Studio Solution File, Format Version 12.00
# Visual Studio Version 17
VisualStudioVersion = 17.14.36202.13 d17.14
MinimumVisualStudioVersion = 10.0.40219.1
Project("{FAE04EC0-301F-11D3-BF4B-00C04F79EFBC}") = "lab11_3", "lab11_3.csproj", "{BADB5D81-2A46-4701-98E1-5A05567847FE}"
EndProject
Global
	GlobalSection(SolutionConfigurationPlatforms) = preSolution
		Debug|Any CPU = Debug|Any CPU
		Release|Any CPU = Release|Any CPU
	EndGlobalSection
	GlobalSection(ProjectConfigurationPlatforms) = postSolution
		{BADB5D81-2A46-4701-98E1-5A05567847FE}.Debug|Any CPU.ActiveCfg = Debug|Any CPU
		{BADB5D81-2A46-4701-98E1-5A05567847FE}.Debug|Any CPU.Build.0 = Debug|Any CPU
		{BADB5D81-2A46-4701-98E1-5A05567847FE}.Release|Any CPU.ActiveCfg = Release|Any CPU
		{BADB5D81-2A46-4701-98E1-5A05567847FE}.Release|Any CPU.Build.0 = Release|Any CPU
	EndGlobalSection
	GlobalSection(SolutionProperties) = preSolution
		HideSolutionNode = FALSE
	EndGlobalSection
	GlobalSection(ExtensibilityGlobals) = postSolution
		SolutionGuid = {8EB1B110-854F-48DF-80B6-59823BCAEC69}
	EndGlobalSection
EndGlobal
