
Microsoft Visual Studio Solution File, Format Version 12.00
# Visual Studio Version 17
VisualStudioVersion = 17.14.36202.13 d17.14
MinimumVisualStudioVersion = 10.0.40219.1
Project("{FAE04EC0-301F-11D3-BF4B-00C04F79EFBC}") = "lab7_1", "lab7_1.csproj", "{79591770-4420-4613-B918-311D069BD4B4}"
EndProject
Global
	GlobalSection(SolutionConfigurationPlatforms) = preSolution
		Debug|Any CPU = Debug|Any CPU
		Release|Any CPU = Release|Any CPU
	EndGlobalSection
	GlobalSection(ProjectConfigurationPlatforms) = postSolution
		{79591770-4420-4613-B918-311D069BD4B4}.Debug|Any CPU.ActiveCfg = Debug|Any CPU
		{79591770-4420-4613-B918-311D069BD4B4}.Debug|Any CPU.Build.0 = Debug|Any CPU
		{79591770-4420-4613-B918-311D069BD4B4}.Release|Any CPU.ActiveCfg = Release|Any CPU
		{79591770-4420-4613-B918-311D069BD4B4}.Release|Any CPU.Build.0 = Release|Any CPU
	EndGlobalSection
	GlobalSection(SolutionProperties) = preSolution
		HideSolutionNode = FALSE
	EndGlobalSection
	GlobalSection(ExtensibilityGlobals) = postSolution
		SolutionGuid = {FEAE85D3-91D4-412F-8989-220650CE0261}
	EndGlobalSection
EndGlobal
