
Microsoft Visual Studio Solution File, Format Version 12.00
# Visual Studio Version 17
VisualStudioVersion = 17.14.36202.13 d17.14
MinimumVisualStudioVersion = 10.0.40219.1
Project("{FAE04EC0-301F-11D3-BF4B-00C04F79EFBC}") = "lab7_14", "lab7_14.csproj", "{70AE5588-2A9F-4090-ACD9-0D24402E7CFE}"
EndProject
Global
	GlobalSection(SolutionConfigurationPlatforms) = preSolution
		Debug|Any CPU = Debug|Any CPU
		Release|Any CPU = Release|Any CPU
	EndGlobalSection
	GlobalSection(ProjectConfigurationPlatforms) = postSolution
		{70AE5588-2A9F-4090-ACD9-0D24402E7CFE}.Debug|Any CPU.ActiveCfg = Debug|Any CPU
		{70AE5588-2A9F-4090-ACD9-0D24402E7CFE}.Debug|Any CPU.Build.0 = Debug|Any CPU
		{70AE5588-2A9F-4090-ACD9-0D24402E7CFE}.Release|Any CPU.ActiveCfg = Release|Any CPU
		{70AE5588-2A9F-4090-ACD9-0D24402E7CFE}.Release|Any CPU.Build.0 = Release|Any CPU
	EndGlobalSection
	GlobalSection(SolutionProperties) = preSolution
		HideSolutionNode = FALSE
	EndGlobalSection
	GlobalSection(ExtensibilityGlobals) = postSolution
		SolutionGuid = {F892DB89-9530-4F55-B14F-717CA21CE80B}
	EndGlobalSection
EndGlobal
