
Microsoft Visual Studio Solution File, Format Version 12.00
# Visual Studio Version 17
VisualStudioVersion = 17.14.36202.13 d17.14
MinimumVisualStudioVersion = 10.0.40219.1
Project("{FAE04EC0-301F-11D3-BF4B-00C04F79EFBC}") = "lab4_4", "lab4_4.csproj", "{6BB2D7A4-61A8-4AF3-9431-81175867B50F}"
EndProject
Global
	GlobalSection(SolutionConfigurationPlatforms) = preSolution
		Debug|Any CPU = Debug|Any CPU
		Release|Any CPU = Release|Any CPU
	EndGlobalSection
	GlobalSection(ProjectConfigurationPlatforms) = postSolution
		{6BB2D7A4-61A8-4AF3-9431-81175867B50F}.Debug|Any CPU.ActiveCfg = Debug|Any CPU
		{6BB2D7A4-61A8-4AF3-9431-81175867B50F}.Debug|Any CPU.Build.0 = Debug|Any CPU
		{6BB2D7A4-61A8-4AF3-9431-81175867B50F}.Release|Any CPU.ActiveCfg = Release|Any CPU
		{6BB2D7A4-61A8-4AF3-9431-81175867B50F}.Release|Any CPU.Build.0 = Release|Any CPU
	EndGlobalSection
	GlobalSection(SolutionProperties) = preSolution
		HideSolutionNode = FALSE
	EndGlobalSection
	GlobalSection(ExtensibilityGlobals) = postSolution
		SolutionGuid = {149A87DB-7862-437B-A6FB-1D81119EDE8C}
	EndGlobalSection
EndGlobal
