
Microsoft Visual Studio Solution File, Format Version 12.00
# Visual Studio Version 17
VisualStudioVersion = 17.14.36202.13 d17.14
MinimumVisualStudioVersion = 10.0.40219.1
Project("{FAE04EC0-301F-11D3-BF4B-00C04F79EFBC}") = "lab5_2", "lab5_2.csproj", "{57C04059-FBFB-4B1B-AA48-20D6F353C834}"
EndProject
Global
	GlobalSection(SolutionConfigurationPlatforms) = preSolution
		Debug|Any CPU = Debug|Any CPU
		Release|Any CPU = Release|Any CPU
	EndGlobalSection
	GlobalSection(ProjectConfigurationPlatforms) = postSolution
		{57C04059-FBFB-4B1B-AA48-20D6F353C834}.Debug|Any CPU.ActiveCfg = Debug|Any CPU
		{57C04059-FBFB-4B1B-AA48-20D6F353C834}.Debug|Any CPU.Build.0 = Debug|Any CPU
		{57C04059-FBFB-4B1B-AA48-20D6F353C834}.Release|Any CPU.ActiveCfg = Release|Any CPU
		{57C04059-FBFB-4B1B-AA48-20D6F353C834}.Release|Any CPU.Build.0 = Release|Any CPU
	EndGlobalSection
	GlobalSection(SolutionProperties) = preSolution
		HideSolutionNode = FALSE
	EndGlobalSection
	GlobalSection(ExtensibilityGlobals) = postSolution
		SolutionGuid = {6F3A93AE-ED86-4E30-990D-795962F21CE3}
	EndGlobalSection
EndGlobal
