
Microsoft Visual Studio Solution File, Format Version 12.00
# Visual Studio Version 17
VisualStudioVersion = 17.14.36202.13 d17.14
MinimumVisualStudioVersion = 10.0.40219.1
Project("{FAE04EC0-301F-11D3-BF4B-00C04F79EFBC}") = "lab7_16", "lab7_16.csproj", "{582DA097-597E-490D-BA17-8DD8456D621E}"
EndProject
Global
	GlobalSection(SolutionConfigurationPlatforms) = preSolution
		Debug|Any CPU = Debug|Any CPU
		Release|Any CPU = Release|Any CPU
	EndGlobalSection
	GlobalSection(ProjectConfigurationPlatforms) = postSolution
		{582DA097-597E-490D-BA17-8DD8456D621E}.Debug|Any CPU.ActiveCfg = Debug|Any CPU
		{582DA097-597E-490D-BA17-8DD8456D621E}.Debug|Any CPU.Build.0 = Debug|Any CPU
		{582DA097-597E-490D-BA17-8DD8456D621E}.Release|Any CPU.ActiveCfg = Release|Any CPU
		{582DA097-597E-490D-BA17-8DD8456D621E}.Release|Any CPU.Build.0 = Release|Any CPU
	EndGlobalSection
	GlobalSection(SolutionProperties) = preSolution
		HideSolutionNode = FALSE
	EndGlobalSection
	GlobalSection(ExtensibilityGlobals) = postSolution
		SolutionGuid = {F64AA8A4-6B14-47D3-9CC6-5BDF2A305428}
	EndGlobalSection
EndGlobal
