
Microsoft Visual Studio Solution File, Format Version 12.00
# Visual Studio Version 17
VisualStudioVersion = 17.8.34511.84
MinimumVisualStudioVersion = 10.0.40219.1
Project("{FAE04EC0-301F-11D3-BF4B-00C04F79EFBC}") = "code", "code.csproj", "{C62B969F-0B27-450F-8331-14315E3C99D0}"
EndProject
Global
	GlobalSection(SolutionConfigurationPlatforms) = preSolution
		Debug|Any CPU = Debug|Any CPU
		Release|Any CPU = Release|Any CPU
	EndGlobalSection
	GlobalSection(ProjectConfigurationPlatforms) = postSolution
		{C62B969F-0B27-450F-8331-14315E3C99D0}.Debug|Any CPU.ActiveCfg = Debug|Any CPU
		{C62B969F-0B27-450F-8331-14315E3C99D0}.Debug|Any CPU.Build.0 = Debug|Any CPU
		{C62B969F-0B27-450F-8331-14315E3C99D0}.Release|Any CPU.ActiveCfg = Release|Any CPU
		{C62B969F-0B27-450F-8331-14315E3C99D0}.Release|Any CPU.Build.0 = Release|Any CPU
	EndGlobalSection
	GlobalSection(SolutionProperties) = preSolution
		HideSolutionNode = FALSE
	EndGlobalSection
	GlobalSection(ExtensibilityGlobals) = postSolution
		SolutionGuid = {65873EF8-2573-4905-B35A-C05320711090}
	EndGlobalSection
EndGlobal
