
Microsoft Visual Studio Solution File, Format Version 12.00
# Visual Studio Version 17
VisualStudioVersion = 17.8.34511.84
MinimumVisualStudioVersion = 10.0.40219.1
Project("{FAE04EC0-301F-11D3-BF4B-00C04F79EFBC}") = "code", "code.csproj", "{DF39D607-3ADF-4504-969A-1CCB64D2AE9D}"
EndProject
Global
	GlobalSection(SolutionConfigurationPlatforms) = preSolution
		Debug|Any CPU = Debug|Any CPU
		Release|Any CPU = Release|Any CPU
	EndGlobalSection
	GlobalSection(ProjectConfigurationPlatforms) = postSolution
		{DF39D607-3ADF-4504-969A-1CCB64D2AE9D}.Debug|Any CPU.ActiveCfg = Debug|Any CPU
		{DF39D607-3ADF-4504-969A-1CCB64D2AE9D}.Debug|Any CPU.Build.0 = Debug|Any CPU
		{DF39D607-3ADF-4504-969A-1CCB64D2AE9D}.Release|Any CPU.ActiveCfg = Release|Any CPU
		{DF39D607-3ADF-4504-969A-1CCB64D2AE9D}.Release|Any CPU.Build.0 = Release|Any CPU
	EndGlobalSection
	GlobalSection(SolutionProperties) = preSolution
		HideSolutionNode = FALSE
	EndGlobalSection
	GlobalSection(ExtensibilityGlobals) = postSolution
		SolutionGuid = {84D9AF18-3934-43BA-9997-C14775C78AC8}
	EndGlobalSection
EndGlobal
