
Microsoft Visual Studio Solution File, Format Version 12.00
# Visual Studio Version 17
VisualStudioVersion = 17.14.36202.13 d17.14
MinimumVisualStudioVersion = 10.0.40219.1
Project("{FAE04EC0-301F-11D3-BF4B-00C04F79EFBC}") = "lab6_2", "lab6_2.csproj", "{AF039974-B300-4B86-9306-99731F5D02EB}"
EndProject
Global
	GlobalSection(SolutionConfigurationPlatforms) = preSolution
		Debug|Any CPU = Debug|Any CPU
		Release|Any CPU = Release|Any CPU
	EndGlobalSection
	GlobalSection(ProjectConfigurationPlatforms) = postSolution
		{AF039974-B300-4B86-9306-99731F5D02EB}.Debug|Any CPU.ActiveCfg = Debug|Any CPU
		{AF039974-B300-4B86-9306-99731F5D02EB}.Debug|Any CPU.Build.0 = Debug|Any CPU
		{AF039974-B300-4B86-9306-99731F5D02EB}.Release|Any CPU.ActiveCfg = Release|Any CPU
		{AF039974-B300-4B86-9306-99731F5D02EB}.Release|Any CPU.Build.0 = Release|Any CPU
	EndGlobalSection
	GlobalSection(SolutionProperties) = preSolution
		HideSolutionNode = FALSE
	EndGlobalSection
	GlobalSection(ExtensibilityGlobals) = postSolution
		SolutionGuid = {95EC0639-A8A3-423E-A74E-EDB6DC62DC24}
	EndGlobalSection
EndGlobal
