
Microsoft Visual Studio Solution File, Format Version 12.00
# Visual Studio Version 17
VisualStudioVersion = 17.14.36202.13 d17.14
MinimumVisualStudioVersion = 10.0.40219.1
Project("{FAE04EC0-301F-11D3-BF4B-00C04F79EFBC}") = "lab8_2", "lab8_2.csproj", "{DF387E5B-C026-466D-B507-A007D07B7C6E}"
EndProject
Global
	GlobalSection(SolutionConfigurationPlatforms) = preSolution
		Debug|Any CPU = Debug|Any CPU
		Release|Any CPU = Release|Any CPU
	EndGlobalSection
	GlobalSection(ProjectConfigurationPlatforms) = postSolution
		{DF387E5B-C026-466D-B507-A007D07B7C6E}.Debug|Any CPU.ActiveCfg = Debug|Any CPU
		{DF387E5B-C026-466D-B507-A007D07B7C6E}.Debug|Any CPU.Build.0 = Debug|Any CPU
		{DF387E5B-C026-466D-B507-A007D07B7C6E}.Release|Any CPU.ActiveCfg = Release|Any CPU
		{DF387E5B-C026-466D-B507-A007D07B7C6E}.Release|Any CPU.Build.0 = Release|Any CPU
	EndGlobalSection
	GlobalSection(SolutionProperties) = preSolution
		HideSolutionNode = FALSE
	EndGlobalSection
	GlobalSection(ExtensibilityGlobals) = postSolution
		SolutionGuid = {6275DEBB-FA2D-4F77-ABD8-6AD062E2DEFD}
	EndGlobalSection
EndGlobal
