
Microsoft Visual Studio Solution File, Format Version 12.00
# Visual Studio Version 17
VisualStudioVersion = 17.14.36202.13 d17.14
MinimumVisualStudioVersion = 10.0.40219.1
Project("{FAE04EC0-301F-11D3-BF4B-00C04F79EFBC}") = "lab9_2", "lab9_2.csproj", "{84089D7B-EE64-4DF2-B060-5B5A16034F76}"
EndProject
Global
	GlobalSection(SolutionConfigurationPlatforms) = preSolution
		Debug|Any CPU = Debug|Any CPU
		Release|Any CPU = Release|Any CPU
	EndGlobalSection
	GlobalSection(ProjectConfigurationPlatforms) = postSolution
		{84089D7B-EE64-4DF2-B060-5B5A16034F76}.Debug|Any CPU.ActiveCfg = Debug|Any CPU
		{84089D7B-EE64-4DF2-B060-5B5A16034F76}.Debug|Any CPU.Build.0 = Debug|Any CPU
		{84089D7B-EE64-4DF2-B060-5B5A16034F76}.Release|Any CPU.ActiveCfg = Release|Any CPU
		{84089D7B-EE64-4DF2-B060-5B5A16034F76}.Release|Any CPU.Build.0 = Release|Any CPU
	EndGlobalSection
	GlobalSection(SolutionProperties) = preSolution
		HideSolutionNode = FALSE
	EndGlobalSection
	GlobalSection(ExtensibilityGlobals) = postSolution
		SolutionGuid = {171F9BF9-B159-4A1C-882B-5617EC8A55EB}
	EndGlobalSection
EndGlobal
