
Microsoft Visual Studio Solution File, Format Version 12.00
# Visual Studio Version 17
VisualStudioVersion = 17.14.36202.13 d17.14
MinimumVisualStudioVersion = 10.0.40219.1
Project("{FAE04EC0-301F-11D3-BF4B-00C04F79EFBC}") = "lab5_7", "lab5_7.csproj", "{81570829-227A-44DF-946F-EF0953D06559}"
EndProject
Global
	GlobalSection(SolutionConfigurationPlatforms) = preSolution
		Debug|Any CPU = Debug|Any CPU
		Release|Any CPU = Release|Any CPU
	EndGlobalSection
	GlobalSection(ProjectConfigurationPlatforms) = postSolution
		{81570829-227A-44DF-946F-EF0953D06559}.Debug|Any CPU.ActiveCfg = Debug|Any CPU
		{81570829-227A-44DF-946F-EF0953D06559}.Debug|Any CPU.Build.0 = Debug|Any CPU
		{81570829-227A-44DF-946F-EF0953D06559}.Release|Any CPU.ActiveCfg = Release|Any CPU
		{81570829-227A-44DF-946F-EF0953D06559}.Release|Any CPU.Build.0 = Release|Any CPU
	EndGlobalSection
	GlobalSection(SolutionProperties) = preSolution
		HideSolutionNode = FALSE
	EndGlobalSection
	GlobalSection(ExtensibilityGlobals) = postSolution
		SolutionGuid = {E1BB6B20-AE7C-4C68-9BD9-560FAD087BE9}
	EndGlobalSection
EndGlobal
