
Microsoft Visual Studio Solution File, Format Version 12.00
# Visual Studio Version 17
VisualStudioVersion = 17.8.34511.84
MinimumVisualStudioVersion = 10.0.40219.1
Project("{FAE04EC0-301F-11D3-BF4B-00C04F79EFBC}") = "work-2", "work-2.csproj", "{B16B471B-BBB2-451C-9EBB-A42CCBC093D8}"
EndProject
Global
	GlobalSection(SolutionConfigurationPlatforms) = preSolution
		Debug|Any CPU = Debug|Any CPU
		Release|Any CPU = Release|Any CPU
	EndGlobalSection
	GlobalSection(ProjectConfigurationPlatforms) = postSolution
		{B16B471B-BBB2-451C-9EBB-A42CCBC093D8}.Debug|Any CPU.ActiveCfg = Debug|Any CPU
		{B16B471B-BBB2-451C-9EBB-A42CCBC093D8}.Debug|Any CPU.Build.0 = Debug|Any CPU
		{B16B471B-BBB2-451C-9EBB-A42CCBC093D8}.Release|Any CPU.ActiveCfg = Release|Any CPU
		{B16B471B-BBB2-451C-9EBB-A42CCBC093D8}.Release|Any CPU.Build.0 = Release|Any CPU
	EndGlobalSection
	GlobalSection(SolutionProperties) = preSolution
		HideSolutionNode = FALSE
	EndGlobalSection
	GlobalSection(ExtensibilityGlobals) = postSolution
		SolutionGuid = {3C4B8129-0BA9-47ED-9C9D-0E69890AFC73}
	EndGlobalSection
EndGlobal
